
Microsoft Visual Studio Solution File, Format Version 12.00
# Visual Studio 15
VisualStudioVersion = 15.0.27428.2002
MinimumVisualStudioVersion = 10.0.40219.1
Project("{FAE04EC0-301F-11D3-BF4B-00C04F79EFBC}") = "skeleton", "skeleton\skeleton.csproj", "{953465A2-3636-4BB5-8DF9-06CC9045C780}"
EndProject
Global
	GlobalSection(SolutionConfigurationPlatforms) = preSolution
		Debug|Any CPU = Debug|Any CPU
		Release|Any CPU = Release|Any CPU
	EndGlobalSection
	GlobalSection(ProjectConfigurationPlatforms) = postSolution
		{953465A2-3636-4BB5-8DF9-06CC9045C780}.Debug|Any CPU.ActiveCfg = Debug|Any CPU
		{953465A2-3636-4BB5-8DF9-06CC9045C780}.Debug|Any CPU.Build.0 = Debug|Any CPU
		{953465A2-3636-4BB5-8DF9-06CC9045C780}.Release|Any CPU.ActiveCfg = Release|Any CPU
		{953465A2-3636-4BB5-8DF9-06CC9045C780}.Release|Any CPU.Build.0 = Release|Any CPU
	EndGlobalSection
	GlobalSection(SolutionProperties) = preSolution
		HideSolutionNode = FALSE
	EndGlobalSection
	GlobalSection(ExtensibilityGlobals) = postSolution
		SolutionGuid = {64B82FAE-1473-4514-9D2E-2F028CB2E993}
	EndGlobalSection
EndGlobal
